// !$*UTF8*$!
{
	archiveVersion = 1;
	classes = {
	};
	objectVersion = 56;
	objects = {

/* Begin PBXBuildFile section */
		92101B342B3E92C80022A77F /* FLAnimatedImage in Frameworks */ = {isa = PBXBuildFile; productRef = 92101B332B3E92C80022A77F /* FLAnimatedImage */; };
		92101B382B3E9C5B0022A77F /* MonkeyGif.gif in Resources */ = {isa = PBXBuildFile; fileRef = 92101B372B3E9C5B0022A77F /* MonkeyGif.gif */; };
		92101B3A2B3EA7F30022A77F /* ResultViewController.swift in Sources */ = {isa = PBXBuildFile; fileRef = 92101B392B3EA7F20022A77F /* ResultViewController.swift */; };
		92101B3C2B3ED43E0022A77F /* PuzzleViewController.swift in Sources */ = {isa = PBXBuildFile; fileRef = 92101B3B2B3ED43E0022A77F /* PuzzleViewController.swift */; };
		92101B3E2B3ED4520022A77F /* QuizViewController.swift in Sources */ = {isa = PBXBuildFile; fileRef = 92101B3D2B3ED4520022A77F /* QuizViewController.swift */; };
		9240590D2B3D97D500142C9E /* BreedsFullViewController.swift in Sources */ = {isa = PBXBuildFile; fileRef = 9240590C2B3D97D500142C9E /* BreedsFullViewController.swift */; };
		924059112B3DA69100142C9E /* UserDefaultsManager.swift in Sources */ = {isa = PBXBuildFile; fileRef = 924059102B3DA69100142C9E /* UserDefaultsManager.swift */; };
		924059152B3DC29F00142C9E /* Breeds in Resources */ = {isa = PBXBuildFile; fileRef = 924059142B3DC29F00142C9E /* Breeds */; };
		925814A82B3C9A8C00C37BF7 /* AppDelegate.swift in Sources */ = {isa = PBXBuildFile; fileRef = 925814A72B3C9A8C00C37BF7 /* AppDelegate.swift */; };
		925814AC2B3C9A8C00C37BF7 /* TabbarViewController.swift in Sources */ = {isa = PBXBuildFile; fileRef = 925814AB2B3C9A8C00C37BF7 /* TabbarViewController.swift */; };
		925814B12B3C9A8E00C37BF7 /* Assets.xcassets in Resources */ = {isa = PBXBuildFile; fileRef = 925814B02B3C9A8E00C37BF7 /* Assets.xcassets */; };
		925814B42B3C9A8E00C37BF7 /* LaunchScreen.storyboard in Resources */ = {isa = PBXBuildFile; fileRef = 925814B22B3C9A8E00C37BF7 /* LaunchScreen.storyboard */; };
		925814BE2B3CA35100C37BF7 /* BreedsViewController.swift in Sources */ = {isa = PBXBuildFile; fileRef = 925814BD2B3CA35100C37BF7 /* BreedsViewController.swift */; };
		925814C02B3CA39C00C37BF7 /* FactsViewController.swift in Sources */ = {isa = PBXBuildFile; fileRef = 925814BF2B3CA39C00C37BF7 /* FactsViewController.swift */; };
		925814C22B3CA3A700C37BF7 /* GameViewController.swift in Sources */ = {isa = PBXBuildFile; fileRef = 925814C12B3CA3A700C37BF7 /* GameViewController.swift */; };
		925814C42B3CA3B400C37BF7 /* SettingsViewController.swift in Sources */ = {isa = PBXBuildFile; fileRef = 925814C32B3CA3B400C37BF7 /* SettingsViewController.swift */; };
		925814C62B3CA71E00C37BF7 /* FavoriteViewController.swift in Sources */ = {isa = PBXBuildFile; fileRef = 925814C52B3CA71E00C37BF7 /* FavoriteViewController.swift */; };
		9295C93C2B3F16D50003265E /* SPConfetti in Frameworks */ = {isa = PBXBuildFile; productRef = 9295C93B2B3F16D50003265E /* SPConfetti */; };
		92FBC7ED2B3DE9C00023D889 /* OneFullImageViewController.swift in Sources */ = {isa = PBXBuildFile; fileRef = 92FBC7EC2B3DE9C00023D889 /* OneFullImageViewController.swift */; };
/* End PBXBuildFile section */

/* Begin PBXFileReference section */
		92101B372B3E9C5B0022A77F /* MonkeyGif.gif */ = {isa = PBXFileReference; lastKnownFileType = image.gif; path = MonkeyGif.gif; sourceTree = "<group>"; };
		92101B392B3EA7F20022A77F /* ResultViewController.swift */ = {isa = PBXFileReference; lastKnownFileType = sourcecode.swift; path = ResultViewController.swift; sourceTree = "<group>"; };
		92101B3B2B3ED43E0022A77F /* PuzzleViewController.swift */ = {isa = PBXFileReference; lastKnownFileType = sourcecode.swift; path = PuzzleViewController.swift; sourceTree = "<group>"; };
		92101B3D2B3ED4520022A77F /* QuizViewController.swift */ = {isa = PBXFileReference; lastKnownFileType = sourcecode.swift; path = QuizViewController.swift; sourceTree = "<group>"; };
		9240590C2B3D97D500142C9E /* BreedsFullViewController.swift */ = {isa = PBXFileReference; lastKnownFileType = sourcecode.swift; path = BreedsFullViewController.swift; sourceTree = "<group>"; };
		924059102B3DA69100142C9E /* UserDefaultsManager.swift */ = {isa = PBXFileReference; lastKnownFileType = sourcecode.swift; path = UserDefaultsManager.swift; sourceTree = "<group>"; };
		924059142B3DC29F00142C9E /* Breeds */ = {isa = PBXFileReference; lastKnownFileType = folder; path = Breeds; sourceTree = "<group>"; };
		925814A42B3C9A8C00C37BF7 /* Monkeypedia.app */ = {isa = PBXFileReference; explicitFileType = wrapper.application; includeInIndex = 0; path = Monkeypedia.app; sourceTree = BUILT_PRODUCTS_DIR; };
		925814A72B3C9A8C00C37BF7 /* AppDelegate.swift */ = {isa = PBXFileReference; lastKnownFileType = sourcecode.swift; path = AppDelegate.swift; sourceTree = "<group>"; };
		925814AB2B3C9A8C00C37BF7 /* TabbarViewController.swift */ = {isa = PBXFileReference; lastKnownFileType = sourcecode.swift; path = TabbarViewController.swift; sourceTree = "<group>"; };
		925814B02B3C9A8E00C37BF7 /* Assets.xcassets */ = {isa = PBXFileReference; lastKnownFileType = folder.assetcatalog; path = Assets.xcassets; sourceTree = "<group>"; };
		925814B32B3C9A8E00C37BF7 /* Base */ = {isa = PBXFileReference; lastKnownFileType = file.storyboard; name = Base; path = Base.lproj/LaunchScreen.storyboard; sourceTree = "<group>"; };
		925814B52B3C9A8E00C37BF7 /* Info.plist */ = {isa = PBXFileReference; lastKnownFileType = text.plist.xml; path = Info.plist; sourceTree = "<group>"; };
		925814BD2B3CA35100C37BF7 /* BreedsViewController.swift */ = {isa = PBXFileReference; lastKnownFileType = sourcecode.swift; path = BreedsViewController.swift; sourceTree = "<group>"; };
		925814BF2B3CA39C00C37BF7 /* FactsViewController.swift */ = {isa = PBXFileReference; lastKnownFileType = sourcecode.swift; path = FactsViewController.swift; sourceTree = "<group>"; };
		925814C12B3CA3A700C37BF7 /* GameViewController.swift */ = {isa = PBXFileReference; lastKnownFileType = sourcecode.swift; path = GameViewController.swift; sourceTree = "<group>"; };
		925814C32B3CA3B400C37BF7 /* SettingsViewController.swift */ = {isa = PBXFileReference; lastKnownFileType = sourcecode.swift; path = SettingsViewController.swift; sourceTree = "<group>"; };
		925814C52B3CA71E00C37BF7 /* FavoriteViewController.swift */ = {isa = PBXFileReference; lastKnownFileType = sourcecode.swift; path = FavoriteViewController.swift; sourceTree = "<group>"; };
		92FBC7EC2B3DE9C00023D889 /* OneFullImageViewController.swift */ = {isa = PBXFileReference; lastKnownFileType = sourcecode.swift; path = OneFullImageViewController.swift; sourceTree = "<group>"; };
/* End PBXFileReference section */

/* Begin PBXFrameworksBuildPhase section */
		925814A12B3C9A8C00C37BF7 /* Frameworks */ = {
			isa = PBXFrameworksBuildPhase;
			buildActionMask = 2147483647;
			files = (
				92101B342B3E92C80022A77F /* FLAnimatedImage in Frameworks */,
				9295C93C2B3F16D50003265E /* SPConfetti in Frameworks */,
			);
			runOnlyForDeploymentPostprocessing = 0;
		};
/* End PBXFrameworksBuildPhase section */

/* Begin PBXGroup section */
		9258149B2B3C9A8C00C37BF7 = {
			isa = PBXGroup;
			children = (
				925814A62B3C9A8C00C37BF7 /* Monkeypedia */,
				925814A52B3C9A8C00C37BF7 /* Products */,
			);
			sourceTree = "<group>";
		};
		925814A52B3C9A8C00C37BF7 /* Products */ = {
			isa = PBXGroup;
			children = (
				925814A42B3C9A8C00C37BF7 /* Monkeypedia.app */,
			);
			name = Products;
			sourceTree = "<group>";
		};
		925814A62B3C9A8C00C37BF7 /* Monkeypedia */ = {
			isa = PBXGroup;
			children = (
				925814BC2B3C9C2A00C37BF7 /* Controllers */,
				925814BB2B3C9C2000C37BF7 /* Managers */,
				925814A72B3C9A8C00C37BF7 /* AppDelegate.swift */,
				924059142B3DC29F00142C9E /* Breeds */,
				925814B02B3C9A8E00C37BF7 /* Assets.xcassets */,
				92101B372B3E9C5B0022A77F /* MonkeyGif.gif */,
				925814B22B3C9A8E00C37BF7 /* LaunchScreen.storyboard */,
				925814B52B3C9A8E00C37BF7 /* Info.plist */,
			);
			path = Monkeypedia;
			sourceTree = "<group>";
		};
		925814BB2B3C9C2000C37BF7 /* Managers */ = {
			isa = PBXGroup;
			children = (
				924059102B3DA69100142C9E /* UserDefaultsManager.swift */,
			);
			path = Managers;
			sourceTree = "<group>";
		};
		925814BC2B3C9C2A00C37BF7 /* Controllers */ = {
			isa = PBXGroup;
			children = (
				925814AB2B3C9A8C00C37BF7 /* TabbarViewController.swift */,
				925814BD2B3CA35100C37BF7 /* BreedsViewController.swift */,
				9240590C2B3D97D500142C9E /* BreedsFullViewController.swift */,
				92FBC7EC2B3DE9C00023D889 /* OneFullImageViewController.swift */,
				925814BF2B3CA39C00C37BF7 /* FactsViewController.swift */,
				925814C12B3CA3A700C37BF7 /* GameViewController.swift */,
				92101B3B2B3ED43E0022A77F /* PuzzleViewController.swift */,
				92101B3D2B3ED4520022A77F /* QuizViewController.swift */,
				92101B392B3EA7F20022A77F /* ResultViewController.swift */,
				925814C52B3CA71E00C37BF7 /* FavoriteViewController.swift */,
				925814C32B3CA3B400C37BF7 /* SettingsViewController.swift */,
			);
			path = Controllers;
			sourceTree = "<group>";
		};
/* End PBXGroup section */

/* Begin PBXNativeTarget section */
		925814A32B3C9A8C00C37BF7 /* Monkeypedia */ = {
			isa = PBXNativeTarget;
			buildConfigurationList = 925814B82B3C9A8E00C37BF7 /* Build configuration list for PBXNativeTarget "Monkeypedia" */;
			buildPhases = (
				925814A02B3C9A8C00C37BF7 /* Sources */,
				925814A12B3C9A8C00C37BF7 /* Frameworks */,
				925814A22B3C9A8C00C37BF7 /* Resources */,
			);
			buildRules = (
			);
			dependencies = (
			);
			name = Monkeypedia;
			packageProductDependencies = (
				92101B332B3E92C80022A77F /* FLAnimatedImage */,
				9295C93B2B3F16D50003265E /* SPConfetti */,
			);
			productName = Monkeypedia;
			productReference = 925814A42B3C9A8C00C37BF7 /* Monkeypedia.app */;
			productType = "com.apple.product-type.application";
		};
/* End PBXNativeTarget section */

/* Begin PBXProject section */
		9258149C2B3C9A8C00C37BF7 /* Project object */ = {
			isa = PBXProject;
			attributes = {
				BuildIndependentTargetsInParallel = 1;
				LastSwiftUpdateCheck = 1500;
				LastUpgradeCheck = 1500;
				TargetAttributes = {
					925814A32B3C9A8C00C37BF7 = {
						CreatedOnToolsVersion = 15.0;
					};
				};
			};
			buildConfigurationList = 9258149F2B3C9A8C00C37BF7 /* Build configuration list for PBXProject "Monkeypedia" */;
			compatibilityVersion = "Xcode 14.0";
			developmentRegion = en;
			hasScannedForEncodings = 0;
			knownRegions = (
				en,
				Base,
			);
			mainGroup = 9258149B2B3C9A8C00C37BF7;
			packageReferences = (
				92101B322B3E92C80022A77F /* XCRemoteSwiftPackageReference "FLAnimatedImage" */,
				9295C93A2B3F16D50003265E /* XCRemoteSwiftPackageReference "SPConfetti" */,
			);
			productRefGroup = 925814A52B3C9A8C00C37BF7 /* Products */;
			projectDirPath = "";
			projectRoot = "";
			targets = (
				925814A32B3C9A8C00C37BF7 /* Monkeypedia */,
			);
		};
/* End PBXProject section */

/* Begin PBXResourcesBuildPhase section */
		925814A22B3C9A8C00C37BF7 /* Resources */ = {
			isa = PBXResourcesBuildPhase;
			buildActionMask = 2147483647;
			files = (
				924059152B3DC29F00142C9E /* Breeds in Resources */,
				925814B42B3C9A8E00C37BF7 /* LaunchScreen.storyboard in Resources */,
				925814B12B3C9A8E00C37BF7 /* Assets.xcassets in Resources */,
				92101B382B3E9C5B0022A77F /* MonkeyGif.gif in Resources */,
			);
			runOnlyForDeploymentPostprocessing = 0;
		};
/* End PBXResourcesBuildPhase section */

/* Begin PBXSourcesBuildPhase section */
		925814A02B3C9A8C00C37BF7 /* Sources */ = {
			isa = PBXSourcesBuildPhase;
			buildActionMask = 2147483647;
			files = (
				92FBC7ED2B3DE9C00023D889 /* OneFullImageViewController.swift in Sources */,
				9240590D2B3D97D500142C9E /* BreedsFullViewController.swift in Sources */,
				925814C22B3CA3A700C37BF7 /* GameViewController.swift in Sources */,
				925814C02B3CA39C00C37BF7 /* FactsViewController.swift in Sources */,
				925814AC2B3C9A8C00C37BF7 /* TabbarViewController.swift in Sources */,
				925814C62B3CA71E00C37BF7 /* FavoriteViewController.swift in Sources */,
				924059112B3DA69100142C9E /* UserDefaultsManager.swift in Sources */,
				925814BE2B3CA35100C37BF7 /* BreedsViewController.swift in Sources */,
				92101B3E2B3ED4520022A77F /* QuizViewController.swift in Sources */,
				925814A82B3C9A8C00C37BF7 /* AppDelegate.swift in Sources */,
				925814C42B3CA3B400C37BF7 /* SettingsViewController.swift in Sources */,
				92101B3C2B3ED43E0022A77F /* PuzzleViewController.swift in Sources */,
				92101B3A2B3EA7F30022A77F /* ResultViewController.swift in Sources */,
			);
			runOnlyForDeploymentPostprocessing = 0;
		};
/* End PBXSourcesBuildPhase section */

/* Begin PBXVariantGroup section */
		925814B22B3C9A8E00C37BF7 /* LaunchScreen.storyboard */ = {
			isa = PBXVariantGroup;
			children = (
				925814B32B3C9A8E00C37BF7 /* Base */,
			);
			name = LaunchScreen.storyboard;
			sourceTree = "<group>";
		};
/* End PBXVariantGroup section */

/* Begin XCBuildConfiguration section */
		925814B62B3C9A8E00C37BF7 /* Debug */ = {
			isa = XCBuildConfiguration;
			buildSettings = {
				ALWAYS_SEARCH_USER_PATHS = NO;
				ASSETCATALOG_COMPILER_GENERATE_SWIFT_ASSET_SYMBOL_EXTENSIONS = YES;
				CLANG_ANALYZER_NONNULL = YES;
				CLANG_ANALYZER_NUMBER_OBJECT_CONVERSION = YES_AGGRESSIVE;
				CLANG_CXX_LANGUAGE_STANDARD = "gnu++20";
				CLANG_ENABLE_MODULES = YES;
				CLANG_ENABLE_OBJC_ARC = YES;
				CLANG_ENABLE_OBJC_WEAK = YES;
				CLANG_WARN_BLOCK_CAPTURE_AUTORELEASING = YES;
				CLANG_WARN_BOOL_CONVERSION = YES;
				CLANG_WARN_COMMA = YES;
				CLANG_WARN_CONSTANT_CONVERSION = YES;
				CLANG_WARN_DEPRECATED_OBJC_IMPLEMENTATIONS = YES;
				CLANG_WARN_DIRECT_OBJC_ISA_USAGE = YES_ERROR;
				CLANG_WARN_DOCUMENTATION_COMMENTS = YES;
				CLANG_WARN_EMPTY_BODY = YES;
				CLANG_WARN_ENUM_CONVERSION = YES;
				CLANG_WARN_INFINITE_RECURSION = YES;
				CLANG_WARN_INT_CONVERSION = YES;
				CLANG_WARN_NON_LITERAL_NULL_CONVERSION = YES;
				CLANG_WARN_OBJC_IMPLICIT_RETAIN_SELF = YES;
				CLANG_WARN_OBJC_LITERAL_CONVERSION = YES;
				CLANG_WARN_OBJC_ROOT_CLASS = YES_ERROR;
				CLANG_WARN_QUOTED_INCLUDE_IN_FRAMEWORK_HEADER = YES;
				CLANG_WARN_RANGE_LOOP_ANALYSIS = YES;
				CLANG_WARN_STRICT_PROTOTYPES = YES;
				CLANG_WARN_SUSPICIOUS_MOVE = YES;
				CLANG_WARN_UNGUARDED_AVAILABILITY = YES_AGGRESSIVE;
				CLANG_WARN_UNREACHABLE_CODE = YES;
				CLANG_WARN__DUPLICATE_METHOD_MATCH = YES;
				COPY_PHASE_STRIP = NO;
				DEBUG_INFORMATION_FORMAT = dwarf;
				ENABLE_STRICT_OBJC_MSGSEND = YES;
				ENABLE_TESTABILITY = YES;
				ENABLE_USER_SCRIPT_SANDBOXING = YES;
				GCC_C_LANGUAGE_STANDARD = gnu17;
				GCC_DYNAMIC_NO_PIC = NO;
				GCC_NO_COMMON_BLOCKS = YES;
				GCC_OPTIMIZATION_LEVEL = 0;
				GCC_PREPROCESSOR_DEFINITIONS = (
					"DEBUG=1",
					"$(inherited)",
				);
				GCC_WARN_64_TO_32_BIT_CONVERSION = YES;
				GCC_WARN_ABOUT_RETURN_TYPE = YES_ERROR;
				GCC_WARN_UNDECLARED_SELECTOR = YES;
				GCC_WARN_UNINITIALIZED_AUTOS = YES_AGGRESSIVE;
				GCC_WARN_UNUSED_FUNCTION = YES;
				GCC_WARN_UNUSED_VARIABLE = YES;
				IPHONEOS_DEPLOYMENT_TARGET = 12.0;
				LOCALIZATION_PREFERS_STRING_CATALOGS = YES;
				MTL_ENABLE_DEBUG_INFO = INCLUDE_SOURCE;
				MTL_FAST_MATH = YES;
				ONLY_ACTIVE_ARCH = YES;
				SDKROOT = iphoneos;
				SWIFT_ACTIVE_COMPILATION_CONDITIONS = "DEBUG $(inherited)";
				SWIFT_OPTIMIZATION_LEVEL = "-Onone";
			};
			name = Debug;
		};
		925814B72B3C9A8E00C37BF7 /* Release */ = {
			isa = XCBuildConfiguration;
			buildSettings = {
				ALWAYS_SEARCH_USER_PATHS = NO;
				ASSETCATALOG_COMPILER_GENERATE_SWIFT_ASSET_SYMBOL_EXTENSIONS = YES;
				CLANG_ANALYZER_NONNULL = YES;
				CLANG_ANALYZER_NUMBER_OBJECT_CONVERSION = YES_AGGRESSIVE;
				CLANG_CXX_LANGUAGE_STANDARD = "gnu++20";
				CLANG_ENABLE_MODULES = YES;
				CLANG_ENABLE_OBJC_ARC = YES;
				CLANG_ENABLE_OBJC_WEAK = YES;
				CLANG_WARN_BLOCK_CAPTURE_AUTORELEASING = YES;
				CLANG_WARN_BOOL_CONVERSION = YES;
				CLANG_WARN_COMMA = YES;
				CLANG_WARN_CONSTANT_CONVERSION = YES;
				CLANG_WARN_DEPRECATED_OBJC_IMPLEMENTATIONS = YES;
				CLANG_WARN_DIRECT_OBJC_ISA_USAGE = YES_ERROR;
				CLANG_WARN_DOCUMENTATION_COMMENTS = YES;
				CLANG_WARN_EMPTY_BODY = YES;
				CLANG_WARN_ENUM_CONVERSION = YES;
				CLANG_WARN_INFINITE_RECURSION = YES;
				CLANG_WARN_INT_CONVERSION = YES;
				CLANG_WARN_NON_LITERAL_NULL_CONVERSION = YES;
				CLANG_WARN_OBJC_IMPLICIT_RETAIN_SELF = YES;
				CLANG_WARN_OBJC_LITERAL_CONVERSION = YES;
				CLANG_WARN_OBJC_ROOT_CLASS = YES_ERROR;
				CLANG_WARN_QUOTED_INCLUDE_IN_FRAMEWORK_HEADER = YES;
				CLANG_WARN_RANGE_LOOP_ANALYSIS = YES;
				CLANG_WARN_STRICT_PROTOTYPES = YES;
				CLANG_WARN_SUSPICIOUS_MOVE = YES;
				CLANG_WARN_UNGUARDED_AVAILABILITY = YES_AGGRESSIVE;
				CLANG_WARN_UNREACHABLE_CODE = YES;
				CLANG_WARN__DUPLICATE_METHOD_MATCH = YES;
				COPY_PHASE_STRIP = NO;
				DEBUG_INFORMATION_FORMAT = "dwarf-with-dsym";
				ENABLE_NS_ASSERTIONS = NO;
				ENABLE_STRICT_OBJC_MSGSEND = YES;
				ENABLE_USER_SCRIPT_SANDBOXING = YES;
				GCC_C_LANGUAGE_STANDARD = gnu17;
				GCC_NO_COMMON_BLOCKS = YES;
				GCC_WARN_64_TO_32_BIT_CONVERSION = YES;
				GCC_WARN_ABOUT_RETURN_TYPE = YES_ERROR;
				GCC_WARN_UNDECLARED_SELECTOR = YES;
				GCC_WARN_UNINITIALIZED_AUTOS = YES_AGGRESSIVE;
				GCC_WARN_UNUSED_FUNCTION = YES;
				GCC_WARN_UNUSED_VARIABLE = YES;
				IPHONEOS_DEPLOYMENT_TARGET = 12.0;
				LOCALIZATION_PREFERS_STRING_CATALOGS = YES;
				MTL_ENABLE_DEBUG_INFO = NO;
				MTL_FAST_MATH = YES;
				SDKROOT = iphoneos;
				SWIFT_COMPILATION_MODE = wholemodule;
				VALIDATE_PRODUCT = YES;
			};
			name = Release;
		};
		925814B92B3C9A8E00C37BF7 /* Debug */ = {
			isa = XCBuildConfiguration;
			buildSettings = {
				ASSETCATALOG_COMPILER_APPICON_NAME = AppIcon;
				ASSETCATALOG_COMPILER_GLOBAL_ACCENT_COLOR_NAME = AccentColor;
				CODE_SIGN_STYLE = Automatic;
				CURRENT_PROJECT_VERSION = 1;
				DEVELOPMENT_TEAM = L64DM58658;
				GENERATE_INFOPLIST_FILE = YES;
				INFOPLIST_FILE = Monkeypedia/Info.plist;
				INFOPLIST_KEY_CFBundleDisplayName = Monkeypedia;
				INFOPLIST_KEY_LSApplicationCategoryType = "public.app-category.educational-games";
				INFOPLIST_KEY_NSPhotoLibraryAddUsageDescription = "We need access to your photo library to save images.";
				INFOPLIST_KEY_UIApplicationSupportsIndirectInputEvents = YES;
				INFOPLIST_KEY_UILaunchStoryboardName = LaunchScreen;
				INFOPLIST_KEY_UISupportedInterfaceOrientations = UIInterfaceOrientationPortrait;
				INFOPLIST_KEY_UISupportedInterfaceOrientations_iPad = "UIInterfaceOrientationLandscapeLeft UIInterfaceOrientationLandscapeRight UIInterfaceOrientationPortrait UIInterfaceOrientationPortraitUpsideDown";
				IPHONEOS_DEPLOYMENT_TARGET = 12.0;
				LD_RUNPATH_SEARCH_PATHS = (
					"$(inherited)",
					"@executable_path/Frameworks",
				);
				MARKETING_VERSION = 1.0;
				PRODUCT_BUNDLE_IDENTIFIER = relwas.Monkeypedia;
				PRODUCT_NAME = "$(TARGET_NAME)";
				SUPPORTED_PLATFORMS = "iphoneos iphonesimulator";
				SUPPORTS_MACCATALYST = NO;
				SUPPORTS_MAC_DESIGNED_FOR_IPHONE_IPAD = NO;
				SWIFT_EMIT_LOC_STRINGS = YES;
				SWIFT_VERSION = 5.0;
				TARGETED_DEVICE_FAMILY = 1;
			};
			name = Debug;
		};
		925814BA2B3C9A8E00C37BF7 /* Release */ = {
			isa = XCBuildConfiguration;
			buildSettings = {
				ASSETCATALOG_COMPILER_APPICON_NAME = AppIcon;
				ASSETCATALOG_COMPILER_GLOBAL_ACCENT_COLOR_NAME = AccentColor;
				CODE_SIGN_STYLE = Automatic;
				CURRENT_PROJECT_VERSION = 1;
				DEVELOPMENT_TEAM = L64DM58658;
				GENERATE_INFOPLIST_FILE = YES;
				INFOPLIST_FILE = Monkeypedia/Info.plist;
				INFOPLIST_KEY_CFBundleDisplayName = Monkeypedia;
				INFOPLIST_KEY_LSApplicationCategoryType = "public.app-category.educational-games";
				INFOPLIST_KEY_NSPhotoLibraryAddUsageDescription = "We need access to your photo library to save images.";
				INFOPLIST_KEY_UIApplicationSupportsIndirectInputEvents = YES;
				INFOPLIST_KEY_UILaunchStoryboardName = LaunchScreen;
				INFOPLIST_KEY_UISupportedInterfaceOrientations = UIInterfaceOrientationPortrait;
				INFOPLIST_KEY_UISupportedInterfaceOrientations_iPad = "UIInterfaceOrientationLandscapeLeft UIInterfaceOrientationLandscapeRight UIInterfaceOrientationPortrait UIInterfaceOrientationPortraitUpsideDown";
				IPHONEOS_DEPLOYMENT_TARGET = 12.0;
				LD_RUNPATH_SEARCH_PATHS = (
					"$(inherited)",
					"@executable_path/Frameworks",
				);
				MARKETING_VERSION = 1.0;
				PRODUCT_BUNDLE_IDENTIFIER = relwas.Monkeypedia;
				PRODUCT_NAME = "$(TARGET_NAME)";
				SUPPORTED_PLATFORMS = "iphoneos iphonesimulator";
				SUPPORTS_MACCATALYST = NO;
				SUPPORTS_MAC_DESIGNED_FOR_IPHONE_IPAD = NO;
				SWIFT_EMIT_LOC_STRINGS = YES;
				SWIFT_VERSION = 5.0;
				TARGETED_DEVICE_FAMILY = 1;
			};
			name = Release;
		};
/* End XCBuildConfiguration section */

/* Begin XCConfigurationList section */
		9258149F2B3C9A8C00C37BF7 /* Build configuration list for PBXProject "Monkeypedia" */ = {
			isa = XCConfigurationList;
			buildConfigurations = (
				925814B62B3C9A8E00C37BF7 /* Debug */,
				925814B72B3C9A8E00C37BF7 /* Release */,
			);
			defaultConfigurationIsVisible = 0;
			defaultConfigurationName = Release;
		};
		925814B82B3C9A8E00C37BF7 /* Build configuration list for PBXNativeTarget "Monkeypedia" */ = {
			isa = XCConfigurationList;
			buildConfigurations = (
				925814B92B3C9A8E00C37BF7 /* Debug */,
				925814BA2B3C9A8E00C37BF7 /* Release */,
			);
			defaultConfigurationIsVisible = 0;
			defaultConfigurationName = Release;
		};
/* End XCConfigurationList section */

/* Begin XCRemoteSwiftPackageReference section */
		92101B322B3E92C80022A77F /* XCRemoteSwiftPackageReference "FLAnimatedImage" */ = {
			isa = XCRemoteSwiftPackageReference;
			repositoryURL = "https://github.com/Flipboard/FLAnimatedImage";
			requirement = {
				kind = upToNextMajorVersion;
				minimumVersion = 1.0.17;
			};
		};
		9295C93A2B3F16D50003265E /* XCRemoteSwiftPackageReference "SPConfetti" */ = {
			isa = XCRemoteSwiftPackageReference;
			repositoryURL = "https://github.com/ivanvorobei/SPConfetti";
			requirement = {
				kind = upToNextMajorVersion;
				minimumVersion = 1.4.1;
			};
		};
/* End XCRemoteSwiftPackageReference section */

/* Begin XCSwiftPackageProductDependency section */
		92101B332B3E92C80022A77F /* FLAnimatedImage */ = {
			isa = XCSwiftPackageProductDependency;
			package = 92101B322B3E92C80022A77F /* XCRemoteSwiftPackageReference "FLAnimatedImage" */;
			productName = FLAnimatedImage;
		};
		9295C93B2B3F16D50003265E /* SPConfetti */ = {
			isa = XCSwiftPackageProductDependency;
			package = 9295C93A2B3F16D50003265E /* XCRemoteSwiftPackageReference "SPConfetti" */;
			productName = SPConfetti;
		};
/* End XCSwiftPackageProductDependency section */
	};
	rootObject = 9258149C2B3C9A8C00C37BF7 /* Project object */;
}
